
Microsoft Visual Studio Solution File, Format Version 12.00
# Visual Studio Version 17
VisualStudioVersion = 17.11.35222.181
MinimumVisualStudioVersion = 10.0.40219.1
Project("{FAE04EC0-301F-11D3-BF4B-00C04F79EFBC}") = "JaggedArray", "JaggedArray.csproj", "{96122B39-4136-4133-85C7-E6ECE7AAC97F}"
EndProject
Global
	GlobalSection(SolutionConfigurationPlatforms) = preSolution
		Debug|Any CPU = Debug|Any CPU
		Release|Any CPU = Release|Any CPU
	EndGlobalSection
	GlobalSection(ProjectConfigurationPlatforms) = postSolution
		{96122B39-4136-4133-85C7-E6ECE7AAC97F}.Debug|Any CPU.ActiveCfg = Debug|Any CPU
		{96122B39-4136-4133-85C7-E6ECE7AAC97F}.Debug|Any CPU.Build.0 = Debug|Any CPU
		{96122B39-4136-4133-85C7-E6ECE7AAC97F}.Release|Any CPU.ActiveCfg = Release|Any CPU
		{96122B39-4136-4133-85C7-E6ECE7AAC97F}.Release|Any CPU.Build.0 = Release|Any CPU
	EndGlobalSection
	GlobalSection(SolutionProperties) = preSolution
		HideSolutionNode = FALSE
	EndGlobalSection
	GlobalSection(ExtensibilityGlobals) = postSolution
		SolutionGuid = {41BA7137-00B2-4053-8AE1-0A6B70B54BDE}
	EndGlobalSection
EndGlobal
