
Microsoft Visual Studio Solution File, Format Version 12.00
# Visual Studio Version 17
VisualStudioVersion = 17.11.35208.52
MinimumVisualStudioVersion = 10.0.40219.1
Project("{FAE04EC0-301F-11D3-BF4B-00C04F79EFBC}") = "GameMap", "GameMap.csproj", "{DB9F9112-BC4F-40C4-872C-13C17A5DE133}"
EndProject
Global
	GlobalSection(SolutionConfigurationPlatforms) = preSolution
		Debug|Any CPU = Debug|Any CPU
		Release|Any CPU = Release|Any CPU
	EndGlobalSection
	GlobalSection(ProjectConfigurationPlatforms) = postSolution
		{DB9F9112-BC4F-40C4-872C-13C17A5DE133}.Debug|Any CPU.ActiveCfg = Debug|Any CPU
		{DB9F9112-BC4F-40C4-872C-13C17A5DE133}.Debug|Any CPU.Build.0 = Debug|Any CPU
		{DB9F9112-BC4F-40C4-872C-13C17A5DE133}.Release|Any CPU.ActiveCfg = Release|Any CPU
		{DB9F9112-BC4F-40C4-872C-13C17A5DE133}.Release|Any CPU.Build.0 = Release|Any CPU
	EndGlobalSection
	GlobalSection(SolutionProperties) = preSolution
		HideSolutionNode = FALSE
	EndGlobalSection
	GlobalSection(ExtensibilityGlobals) = postSolution
		SolutionGuid = {ADFD5230-FD37-4AA1-9F44-11E785A8FBD7}
	EndGlobalSection
EndGlobal
